{
  "version": 4,
  "terraform_version": "1.9.7",
  "serial": 8,
  "lineage": "9d6ed608-80a2-9a28-c308-375c13076602",
  "outputs": {
    "floating_ip": {
      "value": "192.5.87.100",
      "type": "string"
    },
    "instance_name": {
      "value": "proj17-node-1",
      "type": "string"
    }
  },
  "resources": [
    {
      "mode": "managed",
      "type": "openstack_networking_floatingip_v2",
      "name": "public_ip",
      "provider": "provider[\"registry.terraform.io/terraform-provider-openstack/openstack\"]",
      "instances": [
        {
          "schema_version": 0,
          "attributes": {
            "address": "192.5.87.100",
            "all_tags": [],
            "description": "",
            "dns_domain": "",
            "dns_name": "",
            "fixed_ip": "",
            "id": "8f1739a7-e480-4b5b-a714-33fe74218559",
            "pool": "public",
            "port_id": "",
            "region": "CHI@UC",
            "subnet_id": null,
            "subnet_ids": null,
            "tags": null,
            "tenant_id": "7c0a7a1952e44c94aa75cae1ff5dc9b4",
            "timeouts": null,
            "value_specs": null
          },
          "sensitive_attributes": [],
          "private": "eyJlMmJmYjczMC1lY2FhLTExZTYtOGY4OC0zNDM2M2JjN2M0YzAiOnsiY3JlYXRlIjo2MDAwMDAwMDAwMDAsImRlbGV0ZSI6NjAwMDAwMDAwMDAwfX0="
        }
      ]
    },
    {
      "mode": "managed",
      "type": "openstack_networking_secgroup_rule_v2",
      "name": "http",
      "provider": "provider[\"registry.terraform.io/terraform-provider-openstack/openstack\"]",
      "instances": [
        {
          "index_key": "0.0.0.0/0",
          "schema_version": 0,
          "attributes": {
            "description": "",
            "direction": "ingress",
            "ethertype": "IPv4",
            "id": "876548d2-f81b-46a7-ad77-19885897bfe4",
            "port_range_max": 80,
            "port_range_min": 80,
            "protocol": "tcp",
            "region": "CHI@UC",
            "remote_address_group_id": "",
            "remote_group_id": "",
            "remote_ip_prefix": "0.0.0.0/0",
            "security_group_id": "bf81e578-1692-4d86-b23e-c8f5008ea08a",
            "tenant_id": "7c0a7a1952e44c94aa75cae1ff5dc9b4",
            "timeouts": null
          },
          "sensitive_attributes": [],
          "private": "eyJlMmJmYjczMC1lY2FhLTExZTYtOGY4OC0zNDM2M2JjN2M0YzAiOnsiZGVsZXRlIjo2MDAwMDAwMDAwMDB9fQ==",
          "dependencies": [
            "openstack_networking_secgroup_v2.cluster"
          ]
        }
      ]
    },
    {
      "mode": "managed",
      "type": "openstack_networking_secgroup_rule_v2",
      "name": "https",
      "provider": "provider[\"registry.terraform.io/terraform-provider-openstack/openstack\"]",
      "instances": [
        {
          "index_key": "0.0.0.0/0",
          "schema_version": 0,
          "attributes": {
            "description": "",
            "direction": "ingress",
            "ethertype": "IPv4",
            "id": "be05f397-86e3-454f-9a24-1c4f20eb2485",
            "port_range_max": 443,
            "port_range_min": 443,
            "protocol": "tcp",
            "region": "CHI@UC",
            "remote_address_group_id": "",
            "remote_group_id": "",
            "remote_ip_prefix": "0.0.0.0/0",
            "security_group_id": "bf81e578-1692-4d86-b23e-c8f5008ea08a",
            "tenant_id": "7c0a7a1952e44c94aa75cae1ff5dc9b4",
            "timeouts": null
          },
          "sensitive_attributes": [],
          "private": "eyJlMmJmYjczMC1lY2FhLTExZTYtOGY4OC0zNDM2M2JjN2M0YzAiOnsiZGVsZXRlIjo2MDAwMDAwMDAwMDB9fQ==",
          "dependencies": [
            "openstack_networking_secgroup_v2.cluster"
          ]
        }
      ]
    },
    {
      "mode": "managed",
      "type": "openstack_networking_secgroup_rule_v2",
      "name": "ssh",
      "provider": "provider[\"registry.terraform.io/terraform-provider-openstack/openstack\"]",
      "instances": [
        {
          "index_key": "0.0.0.0/0",
          "schema_version": 0,
          "attributes": {
            "description": "",
            "direction": "ingress",
            "ethertype": "IPv4",
            "id": "4e44a30a-8d37-4188-a9e2-cd27d4d083e4",
            "port_range_max": 22,
            "port_range_min": 22,
            "protocol": "tcp",
            "region": "CHI@UC",
            "remote_address_group_id": "",
            "remote_group_id": "",
            "remote_ip_prefix": "0.0.0.0/0",
            "security_group_id": "bf81e578-1692-4d86-b23e-c8f5008ea08a",
            "tenant_id": "7c0a7a1952e44c94aa75cae1ff5dc9b4",
            "timeouts": null
          },
          "sensitive_attributes": [],
          "private": "eyJlMmJmYjczMC1lY2FhLTExZTYtOGY4OC0zNDM2M2JjN2M0YzAiOnsiZGVsZXRlIjo2MDAwMDAwMDAwMDB9fQ==",
          "dependencies": [
            "openstack_networking_secgroup_v2.cluster"
          ]
        }
      ]
    },
    {
      "mode": "managed",
      "type": "openstack_networking_secgroup_v2",
      "name": "cluster",
      "provider": "provider[\"registry.terraform.io/terraform-provider-openstack/openstack\"]",
      "instances": [
        {
          "schema_version": 0,
          "attributes": {
            "all_tags": [],
            "delete_default_rules": null,
            "description": "Security group for Mattermost MLOps node.",
            "id": "bf81e578-1692-4d86-b23e-c8f5008ea08a",
            "name": "proj17-sg",
            "region": "CHI@UC",
            "stateful": true,
            "tags": null,
            "tenant_id": "7c0a7a1952e44c94aa75cae1ff5dc9b4",
            "timeouts": null
          },
          "sensitive_attributes": [],
          "private": "eyJlMmJmYjczMC1lY2FhLTExZTYtOGY4OC0zNDM2M2JjN2M0YzAiOnsiZGVsZXRlIjo2MDAwMDAwMDAwMDB9fQ=="
        }
      ]
    }
  ],
  "check_results": null
}
